
Microsoft Visual Studio Solution File, Format Version 12.00
# Visual Studio 14
VisualStudioVersion = 14.0.25123.0
MinimumVisualStudioVersion = 10.0.40219.1
Project("{FAE04EC0-301F-11D3-BF4B-00C04F79EFBC}") = "LoLBuilder", "LoLBuilder\LoLBuilder.csproj", "{BBD900BD-EFCE-4043-A3A9-9F825D2F3933}"
EndProject
Project("{FAE04EC0-301F-11D3-BF4B-00C04F79EFBC}") = "Data", "..\Champions\Champions\Data.csproj", "{C38ABE09-385A-4A63-BB75-E4C119B4BDEC}"
EndProject
Project("{2150E333-8FDC-42A3-9474-1A3956D46DE8}") = "Solution Items", "Solution Items", "{DB00DEB6-6DF1-4F89-A974-821DD53509C4}"
	ProjectSection(SolutionItems) = preProject
		LoLBuilder\bin\Debug\build.txt = LoLBuilder\bin\Debug\build.txt
		LoLBuilder\bin\Debug\champions.txt = LoLBuilder\bin\Debug\champions.txt
		LoLBuilder\bin\Debug\objets.txt = LoLBuilder\bin\Debug\objets.txt
	EndProjectSection
EndProject
Global
	GlobalSection(SolutionConfigurationPlatforms) = preSolution
		Debug|Any CPU = Debug|Any CPU
		Release|Any CPU = Release|Any CPU
	EndGlobalSection
	GlobalSection(ProjectConfigurationPlatforms) = postSolution
		{BBD900BD-EFCE-4043-A3A9-9F825D2F3933}.Debug|Any CPU.ActiveCfg = Debug|Any CPU
		{BBD900BD-EFCE-4043-A3A9-9F825D2F3933}.Debug|Any CPU.Build.0 = Debug|Any CPU
		{BBD900BD-EFCE-4043-A3A9-9F825D2F3933}.Release|Any CPU.ActiveCfg = Release|Any CPU
		{BBD900BD-EFCE-4043-A3A9-9F825D2F3933}.Release|Any CPU.Build.0 = Release|Any CPU
		{C38ABE09-385A-4A63-BB75-E4C119B4BDEC}.Debug|Any CPU.ActiveCfg = Debug|Any CPU
		{C38ABE09-385A-4A63-BB75-E4C119B4BDEC}.Debug|Any CPU.Build.0 = Debug|Any CPU
		{C38ABE09-385A-4A63-BB75-E4C119B4BDEC}.Release|Any CPU.ActiveCfg = Release|Any CPU
		{C38ABE09-385A-4A63-BB75-E4C119B4BDEC}.Release|Any CPU.Build.0 = Release|Any CPU
	EndGlobalSection
	GlobalSection(SolutionProperties) = preSolution
		HideSolutionNode = FALSE
	EndGlobalSection
EndGlobal
